
Microsoft Visual Studio Solution File, Format Version 12.00
# Visual Studio Version 17
VisualStudioVersion = 17.11.35222.181
MinimumVisualStudioVersion = 10.0.40219.1
Project("{FAE04EC0-301F-11D3-BF4B-00C04F79EFBC}") = "TriangulationApp", "TriangulationApp.csproj", "{00507228-8D95-4AAB-9396-D8BA166798DC}"
EndProject
Global
	GlobalSection(SolutionConfigurationPlatforms) = preSolution
		Debug|Any CPU = Debug|Any CPU
		Release|Any CPU = Release|Any CPU
	EndGlobalSection
	GlobalSection(ProjectConfigurationPlatforms) = postSolution
		{00507228-8D95-4AAB-9396-D8BA166798DC}.Debug|Any CPU.ActiveCfg = Debug|Any CPU
		{00507228-8D95-4AAB-9396-D8BA166798DC}.Debug|Any CPU.Build.0 = Debug|Any CPU
		{00507228-8D95-4AAB-9396-D8BA166798DC}.Release|Any CPU.ActiveCfg = Release|Any CPU
		{00507228-8D95-4AAB-9396-D8BA166798DC}.Release|Any CPU.Build.0 = Release|Any CPU
	EndGlobalSection
	GlobalSection(SolutionProperties) = preSolution
		HideSolutionNode = FALSE
	EndGlobalSection
	GlobalSection(ExtensibilityGlobals) = postSolution
		SolutionGuid = {D5646471-8949-493B-BD34-F4AEBE194E83}
	EndGlobalSection
EndGlobal
